
Microsoft Visual Studio Solution File, Format Version 12.00
# Visual Studio Version 17
VisualStudioVersion = 17.10.34928.147
MinimumVisualStudioVersion = 10.0.40219.1
Project("{9A19103F-16F7-4668-BE54-9A1E7A4F7556}") = "ServerAPI", "ServerAPI\ServerAPI.csproj", "{4ACB0BF1-8DD0-422F-9F31-D5A7B47ACBE0}"
EndProject
Project("{9A19103F-16F7-4668-BE54-9A1E7A4F7556}") = "Core", "Core\Core.csproj", "{0ED0E1F2-DEB5-4926-B5D4-D568DD033395}"
EndProject
Project("{FAE04EC0-301F-11D3-BF4B-00C04F79EFBC}") = "UI", "UI\UI.csproj", "{5B66F893-1F71-4732-861B-C233B6F2B8AB}"
EndProject
Project("{FAE04EC0-301F-11D3-BF4B-00C04F79EFBC}") = "Repositories", "Repositories\Repositories.csproj", "{DA7B0E79-D30F-4CCC-B10F-2BC2DB5B7CB0}"
EndProject
Global
	GlobalSection(SolutionConfigurationPlatforms) = preSolution
		Debug|Any CPU = Debug|Any CPU
		Release|Any CPU = Release|Any CPU
	EndGlobalSection
	GlobalSection(ProjectConfigurationPlatforms) = postSolution
		{4ACB0BF1-8DD0-422F-9F31-D5A7B47ACBE0}.Debug|Any CPU.ActiveCfg = Debug|Any CPU
		{4ACB0BF1-8DD0-422F-9F31-D5A7B47ACBE0}.Debug|Any CPU.Build.0 = Debug|Any CPU
		{4ACB0BF1-8DD0-422F-9F31-D5A7B47ACBE0}.Release|Any CPU.ActiveCfg = Release|Any CPU
		{4ACB0BF1-8DD0-422F-9F31-D5A7B47ACBE0}.Release|Any CPU.Build.0 = Release|Any CPU
		{0ED0E1F2-DEB5-4926-B5D4-D568DD033395}.Debug|Any CPU.ActiveCfg = Debug|Any CPU
		{0ED0E1F2-DEB5-4926-B5D4-D568DD033395}.Debug|Any CPU.Build.0 = Debug|Any CPU
		{0ED0E1F2-DEB5-4926-B5D4-D568DD033395}.Release|Any CPU.ActiveCfg = Release|Any CPU
		{0ED0E1F2-DEB5-4926-B5D4-D568DD033395}.Release|Any CPU.Build.0 = Release|Any CPU
		{5B66F893-1F71-4732-861B-C233B6F2B8AB}.Debug|Any CPU.ActiveCfg = Debug|Any CPU
		{5B66F893-1F71-4732-861B-C233B6F2B8AB}.Debug|Any CPU.Build.0 = Debug|Any CPU
		{5B66F893-1F71-4732-861B-C233B6F2B8AB}.Release|Any CPU.ActiveCfg = Release|Any CPU
		{5B66F893-1F71-4732-861B-C233B6F2B8AB}.Release|Any CPU.Build.0 = Release|Any CPU
		{DA7B0E79-D30F-4CCC-B10F-2BC2DB5B7CB0}.Debug|Any CPU.ActiveCfg = Debug|Any CPU
		{DA7B0E79-D30F-4CCC-B10F-2BC2DB5B7CB0}.Debug|Any CPU.Build.0 = Debug|Any CPU
		{DA7B0E79-D30F-4CCC-B10F-2BC2DB5B7CB0}.Release|Any CPU.ActiveCfg = Release|Any CPU
		{DA7B0E79-D30F-4CCC-B10F-2BC2DB5B7CB0}.Release|Any CPU.Build.0 = Release|Any CPU
	EndGlobalSection
	GlobalSection(SolutionProperties) = preSolution
		HideSolutionNode = FALSE
	EndGlobalSection
	GlobalSection(ExtensibilityGlobals) = postSolution
		SolutionGuid = {40F542F2-7487-466F-8F1E-B1198CBB2F41}
	EndGlobalSection
EndGlobal
